{
  "name": "clean-floor-technics-React",
  "lockfileVersion": 3,
  "requires": true,
  "packages": {
    "": {
      "dependencies": {
        "@sanity/icons": "^3.7.0"
      }
    },
    "node_modules/@sanity/icons": {
      "version": "3.7.0",
      "resolved": "https://registry.npmjs.org/@sanity/icons/-/icons-3.7.0.tgz",
      "integrity": "sha512-MVh5C55X8Vn2oIsraSPVx4MkHvkqUimkmv7yP++IfJBCLgb38/7G2CM+GB95GTpLPRdF2m3QEwwXcaeljjqKOQ==",
      "license": "MIT",
      "engines": {
        "node": ">=14.0.0"
      },
      "peerDependencies": {
        "react": "^18.3 || ^19.0.0-0"
      }
    },
    "node_modules/react": {
      "version": "19.0.0",
      "resolved": "https://registry.npmjs.org/react/-/react-19.0.0.tgz",
      "integrity": "sha512-V8AVnmPIICiWpGfm6GLzCR/W5FXLchHop40W4nXBmdlEceh16rCN8O8LNWm5bh5XUX91fh7KpA+W0TgMKmgTpQ==",
      "license": "MIT",
      "peer": true,
      "engines": {
        "node": ">=0.10.0"
      }
    }
  }
}
